
Microsoft Visual Studio Solution File, Format Version 12.00
# Visual Studio Version 16
VisualStudioVersion = 16.0.32407.337
MinimumVisualStudioVersion = 10.0.40219.1
Project("{FAE04EC0-301F-11D3-BF4B-00C04F79EFBC}") = "chuerk", "chuerk\chuerk.csproj", "{AB57A5D7-C231-447D-9AC5-E7A959E42482}"
EndProject
Global
	GlobalSection(SolutionConfigurationPlatforms) = preSolution
		Debug|Any CPU = Debug|Any CPU
		Release|Any CPU = Release|Any CPU
	EndGlobalSection
	GlobalSection(ProjectConfigurationPlatforms) = postSolution
		{AB57A5D7-C231-447D-9AC5-E7A959E42482}.Debug|Any CPU.ActiveCfg = Debug|Any CPU
		{AB57A5D7-C231-447D-9AC5-E7A959E42482}.Debug|Any CPU.Build.0 = Debug|Any CPU
		{AB57A5D7-C231-447D-9AC5-E7A959E42482}.Release|Any CPU.ActiveCfg = Release|Any CPU
		{AB57A5D7-C231-447D-9AC5-E7A959E42482}.Release|Any CPU.Build.0 = Release|Any CPU
	EndGlobalSection
	GlobalSection(SolutionProperties) = preSolution
		HideSolutionNode = FALSE
	EndGlobalSection
	GlobalSection(ExtensibilityGlobals) = postSolution
		SolutionGuid = {35F25EDB-7E54-4FAE-B682-913F5F5AB6D8}
	EndGlobalSection
EndGlobal
